github.com/BurntSushi/toml v0.3.1 h1:WXkYYl6Yr3qBf1K79EBnL4mak0OimBfB0XUf9Vl28OQ=
github.com/BurntSushi/toml v0.3.1/go.mod h1:xHWCNGjB5oqiDr8zfno3MHue2Ht5sIBksp03qcyfWMU=
github.com/JojiiOfficial/gaw v1.1.10 h1:92cq6JAKTPSFD43trZNBnO6Ywnf4bhXW2uE23Hh+EQA=
github.com/JojiiOfficial/gaw v1.1.10/go.mod h1:Y0hrpN0iX0L5bBf/8+kIER7R/m4GTNuKkifXisMG4S4=
github.com/JojiiOfficial/gaw v1.2.0 h1:qIu6xVtCvd4yhAfI0MGGr5CPus0hpY+eFUDUGqc/sYQ=
github.com/JojiiOfficial/gaw v1.2.0/go.mod h1:Y0hrpN0iX0L5bBf/8+kIER7R/m4GTNuKkifXisMG4S4=
github.com/JojiiOfficial/gaw v1.2.1 h1:zwVLf5TQrXQF+pwI+/sVsfxTxmAZbZ5BjVT/nKxb2Ck=
github.com/JojiiOfficial/gaw v1.2.1/go.mod h1:Y0hrpN0iX0L5bBf/8+kIER7R/m4GTNuKkifXisMG4S4=
github.com/JojiiOfficial/gaw v1.2.5 h1:wbguzCqNaCBMYH1a9D6EHW2aIG21uo6CS6qaHLi5I3s=
github.com/JojiiOfficial/gaw v1.2.5/go.mod h1:Y0hrpN0iX0L5bBf/8+kIER7R/m4GTNuKkifXisMG4S4=
github.com/JojiiOfficial/gaw v1.2.6 h1:JU8GDvykk2IG6Kevw5aVqTuRO+kbpZXZ8yBfVgTU0t0=
github.com/JojiiOfficial/gaw v1.2.6/go.mod h1:Y0hrpN0iX0L5bBf/8+kIER7R/m4GTNuKkifXisMG4S4=
github.com/JojiiOfficial/gaw v1.2.8 h1:crLd2hrRvTlCClZDtwqnr8AoVKs3uQAk8B2AdOfUCsg=
github.com/JojiiOfficial/gaw v1.2.8/go.mod h1:fPm2wG1z8xSCmfkqq9V5iHdlgLUpkRx73tSO9efhJP0=
github.com/davecgh/go-spew v1.1.1 h1:vj9j/u1bqnvCEfJOwUhtlOARqs3+rkHYY13jYWTU97c=
github.com/davecgh/go-spew v1.1.1/go.mod h1:J7Y8YcW2NihsgmVo/mv3lAwl/skON4iLHjSsI+c5H38=
github.com/konsorten/go-windows-terminal-sequences v1.0.1 h1:mweAR1A6xJ3oS2pRaGiHgQ4OO8tzTaLawm8vnODuwDk=
github.com/konsorten/go-windows-terminal-sequences v1.0.1/go.mod h1:T0+1ngSBFLxvqU3pZ+m/2kptfBszLMUkC4ZK/EgS/cQ=
github.com/konsorten/go-windows-terminal-sequences v1.0.3 h1:CE8S1cTafDpPvMhIxNJKvHsGVBgn1xWYf1NbHQhywc8=
github.com/konsorten/go-windows-terminal-sequences v1.0.3/go.mod h1:T0+1ngSBFLxvqU3pZ+m/2kptfBszLMUkC4ZK/EgS/cQ=
github.com/pmezard/go-difflib v1.0.0 h1:4DBwDE0NGyQoBHbLQYPwSUPoCMWR5BEzIk/f1lZbAQM=
github.com/pmezard/go-difflib v1.0.0/go.mod h1:iKH77koFhYxTK1pcRnkKkqfTogsbg7gZNVY4sRDYZ/4=
github.com/sirupsen/logrus v1.4.2 h1:SPIRibHv4MatM3XXNO2BJeFLZwZ2LvZgfQ5+UNI2im4=
github.com/sirupsen/logrus v1.4.2/go.mod h1:tLMulIdttU9McNUspp0xgXVQah82FyeX6MwdIuYE2rE=
github.com/sirupsen/logrus v1.5.0 h1:1N5EYkVAPEywqZRJd7cwnRtCb6xJx7NH3T3WUTF980Q=
github.com/sirupsen/logrus v1.5.0/go.mod h1:+F7Ogzej0PZc/94MaYx/nvG9jOFMD2osvC3s+Squfpo=
github.com/sirupsen/logrus v1.6.0 h1:UBcNElsrwanuuMsnGSlYmtmgbb23qDR5dG+6X6Oo89I=
github.com/sirupsen/logrus v1.6.0/go.mod h1:7uNnSEd1DgxDLC74fIahvMZmmYsHGZGEOFrfsX/uA88=
github.com/stretchr/objx v0.1.1/go.mod h1:HFkY916IF+rwdDfMAkV7OtwuqBVzrE8GR6GFx+wExME=
github.com/stretchr/testify v1.2.2 h1:bSDNvY7ZPG5RlJ8otE/7V6gMiyenm9RtJ7IUVIAoJ1w=
github.com/stretchr/testify v1.2.2/go.mod h1:a8OnRcib4nhh0OaRAV+Yts87kKdq0PP7pXfy6kDkUVs=
golang.org/x/sys v0.0.0-20190422165155-953cdadca894 h1:Cz4ceDQGXuKRnVBDTS23GTn/pU5OE2C0WrNTOYK1Uuc=
golang.org/x/sys v0.0.0-20190422165155-953cdadca894/go.mod h1:h1NjWce9XRLGQEsW7wpKNCjG9DtNlClVuFLEZdDNbEs=
